
Microsoft Visual Studio Solution File, Format Version 12.00
# Visual Studio 2013
VisualStudioVersion = 12.0.31101.0
MinimumVisualStudioVersion = 10.0.40219.1
Project("{FAE04EC0-301F-11D3-BF4B-00C04F79EFBC}") = "AnagramMaker", "AnagramMaker\AnagramMaker.csproj", "{ED11DA62-060D-4FDD-99AA-065466A6C38C}"
EndProject
Project("{FAE04EC0-301F-11D3-BF4B-00C04F79EFBC}") = "AnagramMaker.Lib", "AnagramMaker.Lib\AnagramMaker.Lib.csproj", "{FC1D6F5C-FE56-4DED-8525-A74FC0078B46}"
EndProject
Project("{FAE04EC0-301F-11D3-BF4B-00C04F79EFBC}") = "AnagramMaker.Lib.Tests", "AnagramMaker.Lib.Tests\AnagramMaker.Lib.Tests.csproj", "{8B6E0526-9C0F-4370-95B5-17697FFD5898}"
EndProject
Global
	GlobalSection(TeamFoundationVersionControl) = preSolution
		SccNumberOfProjects = 4
		SccEnterpriseProvider = {4CA58AB2-18FA-4F8D-95D4-32DDF27D184C}
		SccTeamFoundationServer = https://tfs-integration.visualstudio.com/defaultcollection
		SccLocalPath0 = .
		SccProjectUniqueName1 = AnagramMaker\\AnagramMaker.csproj
		SccProjectName1 = AnagramMaker
		SccLocalPath1 = AnagramMaker
		SccProjectUniqueName2 = AnagramMaker.Lib\\AnagramMaker.Lib.csproj
		SccProjectName2 = AnagramMaker.Lib
		SccLocalPath2 = AnagramMaker.Lib
		SccProjectUniqueName3 = AnagramMaker.Lib.Tests\\AnagramMaker.Lib.Tests.csproj
		SccProjectName3 = AnagramMaker.Lib.Tests
		SccLocalPath3 = AnagramMaker.Lib.Tests
	EndGlobalSection
	GlobalSection(SolutionConfigurationPlatforms) = preSolution
		Debug|Any CPU = Debug|Any CPU
		Release|Any CPU = Release|Any CPU
	EndGlobalSection
	GlobalSection(ProjectConfigurationPlatforms) = postSolution
		{ED11DA62-060D-4FDD-99AA-065466A6C38C}.Debug|Any CPU.ActiveCfg = Debug|Any CPU
		{ED11DA62-060D-4FDD-99AA-065466A6C38C}.Debug|Any CPU.Build.0 = Debug|Any CPU
		{ED11DA62-060D-4FDD-99AA-065466A6C38C}.Release|Any CPU.ActiveCfg = Release|Any CPU
		{ED11DA62-060D-4FDD-99AA-065466A6C38C}.Release|Any CPU.Build.0 = Release|Any CPU
		{FC1D6F5C-FE56-4DED-8525-A74FC0078B46}.Debug|Any CPU.ActiveCfg = Debug|Any CPU
		{FC1D6F5C-FE56-4DED-8525-A74FC0078B46}.Debug|Any CPU.Build.0 = Debug|Any CPU
		{FC1D6F5C-FE56-4DED-8525-A74FC0078B46}.Release|Any CPU.ActiveCfg = Release|Any CPU
		{FC1D6F5C-FE56-4DED-8525-A74FC0078B46}.Release|Any CPU.Build.0 = Release|Any CPU
		{8B6E0526-9C0F-4370-95B5-17697FFD5898}.Debug|Any CPU.ActiveCfg = Debug|Any CPU
		{8B6E0526-9C0F-4370-95B5-17697FFD5898}.Debug|Any CPU.Build.0 = Debug|Any CPU
		{8B6E0526-9C0F-4370-95B5-17697FFD5898}.Release|Any CPU.ActiveCfg = Release|Any CPU
		{8B6E0526-9C0F-4370-95B5-17697FFD5898}.Release|Any CPU.Build.0 = Release|Any CPU
	EndGlobalSection
	GlobalSection(SolutionProperties) = preSolution
		HideSolutionNode = FALSE
	EndGlobalSection
EndGlobal
